
Microsoft Visual Studio Solution File, Format Version 12.00
# Visual Studio Version 16
VisualStudioVersion = 16.0.30413.136
MinimumVisualStudioVersion = 10.0.40219.1
Project("{FAE04EC0-301F-11D3-BF4B-00C04F79EFBC}") = "object_detection", "object_detection.csproj", "{1934E6A4-D235-4007-A918-96A0E72BDCAF}"
EndProject
Global
	GlobalSection(SolutionConfigurationPlatforms) = preSolution
		Debug|Any CPU = Debug|Any CPU
		Release|Any CPU = Release|Any CPU
	EndGlobalSection
	GlobalSection(ProjectConfigurationPlatforms) = postSolution
		{1934E6A4-D235-4007-A918-96A0E72BDCAF}.Debug|Any CPU.ActiveCfg = Debug|Any CPU
		{1934E6A4-D235-4007-A918-96A0E72BDCAF}.Debug|Any CPU.Build.0 = Debug|Any CPU
		{1934E6A4-D235-4007-A918-96A0E72BDCAF}.Release|Any CPU.ActiveCfg = Release|Any CPU
		{1934E6A4-D235-4007-A918-96A0E72BDCAF}.Release|Any CPU.Build.0 = Release|Any CPU
	EndGlobalSection
	GlobalSection(SolutionProperties) = preSolution
		HideSolutionNode = FALSE
	EndGlobalSection
	GlobalSection(ExtensibilityGlobals) = postSolution
		SolutionGuid = {F20FE739-D4D4-4D7F-968F-53E66DF508F8}
	EndGlobalSection
EndGlobal
